
Microsoft Visual Studio Solution File, Format Version 12.00
# Visual Studio Version 17
VisualStudioVersion = 17.0.31903.59
MinimumVisualStudioVersion = 10.0.40219.1
Project("{2150E333-8FDC-42A3-9474-1A3956D46DE8}") = "src", "src", "{AEF79E48-7E10-463E-B25F-4814107A9808}"
EndProject
Project("{FAE04EC0-301F-11D3-BF4B-00C04F79EFBC}") = "eCommerce.API", "src\eCommerce.API\eCommerce.API.csproj", "{3BD09C3C-31FF-4901-BA3C-342AA03F7125}"
EndProject
Global
	GlobalSection(SolutionConfigurationPlatforms) = preSolution
		Debug|Any CPU = Debug|Any CPU
		Release|Any CPU = Release|Any CPU
	EndGlobalSection
	GlobalSection(SolutionProperties) = preSolution
		HideSolutionNode = FALSE
	EndGlobalSection
	GlobalSection(ProjectConfigurationPlatforms) = postSolution
		{3BD09C3C-31FF-4901-BA3C-342AA03F7125}.Debug|Any CPU.ActiveCfg = Debug|Any CPU
		{3BD09C3C-31FF-4901-BA3C-342AA03F7125}.Debug|Any CPU.Build.0 = Debug|Any CPU
		{3BD09C3C-31FF-4901-BA3C-342AA03F7125}.Release|Any CPU.ActiveCfg = Release|Any CPU
		{3BD09C3C-31FF-4901-BA3C-342AA03F7125}.Release|Any CPU.Build.0 = Release|Any CPU
	EndGlobalSection
	GlobalSection(NestedProjects) = preSolution
		{3BD09C3C-31FF-4901-BA3C-342AA03F7125} = {AEF79E48-7E10-463E-B25F-4814107A9808}
	EndGlobalSection
EndGlobal
